
Microsoft Visual Studio Solution File, Format Version 12.00
# Visual Studio 15
VisualStudioVersion = 15.0.26730.16
MinimumVisualStudioVersion = 10.0.40219.1
Project("{D954291E-2A0B-460D-934E-DC6B0785DB48}") = "LoginFace", "LoginFace\LoginFace\LoginFace.shproj", "{EA47D485-2183-4BF6-B4F4-B80BAC166AE7}"
EndProject
Project("{FAE04EC0-301F-11D3-BF4B-00C04F79EFBC}") = "LoginFace.Android", "LoginFace\LoginFace.Android\LoginFace.Android.csproj", "{24C9F697-B202-4449-8119-908000640057}"
EndProject
Project("{FAE04EC0-301F-11D3-BF4B-00C04F79EFBC}") = "LoginFace.iOS", "LoginFace\LoginFace.iOS\LoginFace.iOS.csproj", "{EB1C345D-C5E0-4500-AE9E-7F2317439593}"
EndProject
Global
	GlobalSection(SharedMSBuildProjectFiles) = preSolution
		LoginFace\LoginFace\LoginFace.projitems*{24c9f697-b202-4449-8119-908000640057}*SharedItemsImports = 4
		LoginFace\LoginFace\LoginFace.projitems*{ea47d485-2183-4bf6-b4f4-b80bac166ae7}*SharedItemsImports = 13
		LoginFace\LoginFace\LoginFace.projitems*{eb1c345d-c5e0-4500-ae9e-7f2317439593}*SharedItemsImports = 4
	EndGlobalSection
	GlobalSection(SolutionConfigurationPlatforms) = preSolution
		Ad-Hoc|Any CPU = Ad-Hoc|Any CPU
		Ad-Hoc|iPhone = Ad-Hoc|iPhone
		Ad-Hoc|iPhoneSimulator = Ad-Hoc|iPhoneSimulator
		AppStore|Any CPU = AppStore|Any CPU
		AppStore|iPhone = AppStore|iPhone
		AppStore|iPhoneSimulator = AppStore|iPhoneSimulator
		Debug|Any CPU = Debug|Any CPU
		Debug|iPhone = Debug|iPhone
		Debug|iPhoneSimulator = Debug|iPhoneSimulator
		Release|Any CPU = Release|Any CPU
		Release|iPhone = Release|iPhone
		Release|iPhoneSimulator = Release|iPhoneSimulator
	EndGlobalSection
	GlobalSection(ProjectConfigurationPlatforms) = postSolution
		{24C9F697-B202-4449-8119-908000640057}.Ad-Hoc|Any CPU.ActiveCfg = Release|Any CPU
		{24C9F697-B202-4449-8119-908000640057}.Ad-Hoc|Any CPU.Build.0 = Release|Any CPU
		{24C9F697-B202-4449-8119-908000640057}.Ad-Hoc|Any CPU.Deploy.0 = Release|Any CPU
		{24C9F697-B202-4449-8119-908000640057}.Ad-Hoc|iPhone.ActiveCfg = Release|Any CPU
		{24C9F697-B202-4449-8119-908000640057}.Ad-Hoc|iPhone.Build.0 = Release|Any CPU
		{24C9F697-B202-4449-8119-908000640057}.Ad-Hoc|iPhone.Deploy.0 = Release|Any CPU
		{24C9F697-B202-4449-8119-908000640057}.Ad-Hoc|iPhoneSimulator.ActiveCfg = Release|Any CPU
		{24C9F697-B202-4449-8119-908000640057}.Ad-Hoc|iPhoneSimulator.Build.0 = Release|Any CPU
		{24C9F697-B202-4449-8119-908000640057}.Ad-Hoc|iPhoneSimulator.Deploy.0 = Release|Any CPU
		{24C9F697-B202-4449-8119-908000640057}.AppStore|Any CPU.ActiveCfg = Release|Any CPU
		{24C9F697-B202-4449-8119-908000640057}.AppStore|Any CPU.Build.0 = Release|Any CPU
		{24C9F697-B202-4449-8119-908000640057}.AppStore|Any CPU.Deploy.0 = Release|Any CPU
		{24C9F697-B202-4449-8119-908000640057}.AppStore|iPhone.ActiveCfg = Release|Any CPU
		{24C9F697-B202-4449-8119-908000640057}.AppStore|iPhone.Build.0 = Release|Any CPU
		{24C9F697-B202-4449-8119-908000640057}.AppStore|iPhone.Deploy.0 = Release|Any CPU
		{24C9F697-B202-4449-8119-908000640057}.AppStore|iPhoneSimulator.ActiveCfg = Release|Any CPU
		{24C9F697-B202-4449-8119-908000640057}.AppStore|iPhoneSimulator.Build.0 = Release|Any CPU
		{24C9F697-B202-4449-8119-908000640057}.AppStore|iPhoneSimulator.Deploy.0 = Release|Any CPU
		{24C9F697-B202-4449-8119-908000640057}.Debug|Any CPU.ActiveCfg = Debug|Any CPU
		{24C9F697-B202-4449-8119-908000640057}.Debug|Any CPU.Build.0 = Debug|Any CPU
		{24C9F697-B202-4449-8119-908000640057}.Debug|Any CPU.Deploy.0 = Debug|Any CPU
		{24C9F697-B202-4449-8119-908000640057}.Debug|iPhone.ActiveCfg = Debug|Any CPU
		{24C9F697-B202-4449-8119-908000640057}.Debug|iPhone.Build.0 = Debug|Any CPU
		{24C9F697-B202-4449-8119-908000640057}.Debug|iPhone.Deploy.0 = Debug|Any CPU
		{24C9F697-B202-4449-8119-908000640057}.Debug|iPhoneSimulator.ActiveCfg = Debug|Any CPU
		{24C9F697-B202-4449-8119-908000640057}.Debug|iPhoneSimulator.Build.0 = Debug|Any CPU
		{24C9F697-B202-4449-8119-908000640057}.Debug|iPhoneSimulator.Deploy.0 = Debug|Any CPU
		{24C9F697-B202-4449-8119-908000640057}.Release|Any CPU.ActiveCfg = Release|Any CPU
		{24C9F697-B202-4449-8119-908000640057}.Release|Any CPU.Build.0 = Release|Any CPU
		{24C9F697-B202-4449-8119-908000640057}.Release|Any CPU.Deploy.0 = Release|Any CPU
		{24C9F697-B202-4449-8119-908000640057}.Release|iPhone.ActiveCfg = Release|Any CPU
		{24C9F697-B202-4449-8119-908000640057}.Release|iPhone.Build.0 = Release|Any CPU
		{24C9F697-B202-4449-8119-908000640057}.Release|iPhone.Deploy.0 = Release|Any CPU
		{24C9F697-B202-4449-8119-908000640057}.Release|iPhoneSimulator.ActiveCfg = Release|Any CPU
		{24C9F697-B202-4449-8119-908000640057}.Release|iPhoneSimulator.Build.0 = Release|Any CPU
		{24C9F697-B202-4449-8119-908000640057}.Release|iPhoneSimulator.Deploy.0 = Release|Any CPU
		{EB1C345D-C5E0-4500-AE9E-7F2317439593}.Ad-Hoc|Any CPU.ActiveCfg = Ad-Hoc|iPhone
		{EB1C345D-C5E0-4500-AE9E-7F2317439593}.Ad-Hoc|iPhone.ActiveCfg = Ad-Hoc|iPhone
		{EB1C345D-C5E0-4500-AE9E-7F2317439593}.Ad-Hoc|iPhone.Build.0 = Ad-Hoc|iPhone
		{EB1C345D-C5E0-4500-AE9E-7F2317439593}.Ad-Hoc|iPhoneSimulator.ActiveCfg = Ad-Hoc|iPhoneSimulator
		{EB1C345D-C5E0-4500-AE9E-7F2317439593}.Ad-Hoc|iPhoneSimulator.Build.0 = Ad-Hoc|iPhoneSimulator
		{EB1C345D-C5E0-4500-AE9E-7F2317439593}.AppStore|Any CPU.ActiveCfg = AppStore|iPhone
		{EB1C345D-C5E0-4500-AE9E-7F2317439593}.AppStore|iPhone.ActiveCfg = AppStore|iPhone
		{EB1C345D-C5E0-4500-AE9E-7F2317439593}.AppStore|iPhone.Build.0 = AppStore|iPhone
		{EB1C345D-C5E0-4500-AE9E-7F2317439593}.AppStore|iPhoneSimulator.ActiveCfg = AppStore|iPhoneSimulator
		{EB1C345D-C5E0-4500-AE9E-7F2317439593}.AppStore|iPhoneSimulator.Build.0 = AppStore|iPhoneSimulator
		{EB1C345D-C5E0-4500-AE9E-7F2317439593}.Debug|Any CPU.ActiveCfg = Debug|iPhone
		{EB1C345D-C5E0-4500-AE9E-7F2317439593}.Debug|iPhone.ActiveCfg = Debug|iPhone
		{EB1C345D-C5E0-4500-AE9E-7F2317439593}.Debug|iPhone.Build.0 = Debug|iPhone
		{EB1C345D-C5E0-4500-AE9E-7F2317439593}.Debug|iPhoneSimulator.ActiveCfg = Debug|iPhoneSimulator
		{EB1C345D-C5E0-4500-AE9E-7F2317439593}.Debug|iPhoneSimulator.Build.0 = Debug|iPhoneSimulator
		{EB1C345D-C5E0-4500-AE9E-7F2317439593}.Release|Any CPU.ActiveCfg = Release|iPhone
		{EB1C345D-C5E0-4500-AE9E-7F2317439593}.Release|iPhone.ActiveCfg = Release|iPhone
		{EB1C345D-C5E0-4500-AE9E-7F2317439593}.Release|iPhone.Build.0 = Release|iPhone
		{EB1C345D-C5E0-4500-AE9E-7F2317439593}.Release|iPhoneSimulator.ActiveCfg = Release|iPhoneSimulator
		{EB1C345D-C5E0-4500-AE9E-7F2317439593}.Release|iPhoneSimulator.Build.0 = Release|iPhoneSimulator
	EndGlobalSection
	GlobalSection(SolutionProperties) = preSolution
		HideSolutionNode = FALSE
	EndGlobalSection
	GlobalSection(ExtensibilityGlobals) = postSolution
		SolutionGuid = {CF99E5D1-E27A-4C55-A4C5-8D5FE9D4FBB1}
	EndGlobalSection
EndGlobal
