
Microsoft Visual Studio Solution File, Format Version 12.00
# Visual Studio 15
VisualStudioVersion = 15.0.26430.16
MinimumVisualStudioVersion = 10.0.40219.1
Project("{D954291E-2A0B-460D-934E-DC6B0785DB48}") = "TarefaCalculadora", "TarefaCalculadora\TarefaCalculadora\TarefaCalculadora.shproj", "{5C53F56B-A35B-4A20-9128-A292F2C08432}"
EndProject
Project("{FAE04EC0-301F-11D3-BF4B-00C04F79EFBC}") = "TarefaCalculadora.Android", "TarefaCalculadora\TarefaCalculadora.Android\TarefaCalculadora.Android.csproj", "{805FAEA3-3701-4491-86F7-C10082D2A8DB}"
EndProject
Project("{FAE04EC0-301F-11D3-BF4B-00C04F79EFBC}") = "TarefaCalculadora.iOS", "TarefaCalculadora\TarefaCalculadora.iOS\TarefaCalculadora.iOS.csproj", "{98A7E177-3CDC-4872-8142-3FC58B332858}"
EndProject
Global
	GlobalSection(SharedMSBuildProjectFiles) = preSolution
		TarefaCalculadora\TarefaCalculadora\TarefaCalculadora.projitems*{5c53f56b-a35b-4a20-9128-a292f2c08432}*SharedItemsImports = 13
		TarefaCalculadora\TarefaCalculadora\TarefaCalculadora.projitems*{805faea3-3701-4491-86f7-c10082d2a8db}*SharedItemsImports = 4
		TarefaCalculadora\TarefaCalculadora\TarefaCalculadora.projitems*{98a7e177-3cdc-4872-8142-3fc58b332858}*SharedItemsImports = 4
	EndGlobalSection
	GlobalSection(SolutionConfigurationPlatforms) = preSolution
		Ad-Hoc|Any CPU = Ad-Hoc|Any CPU
		Ad-Hoc|iPhone = Ad-Hoc|iPhone
		Ad-Hoc|iPhoneSimulator = Ad-Hoc|iPhoneSimulator
		AppStore|Any CPU = AppStore|Any CPU
		AppStore|iPhone = AppStore|iPhone
		AppStore|iPhoneSimulator = AppStore|iPhoneSimulator
		Debug|Any CPU = Debug|Any CPU
		Debug|iPhone = Debug|iPhone
		Debug|iPhoneSimulator = Debug|iPhoneSimulator
		Release|Any CPU = Release|Any CPU
		Release|iPhone = Release|iPhone
		Release|iPhoneSimulator = Release|iPhoneSimulator
	EndGlobalSection
	GlobalSection(ProjectConfigurationPlatforms) = postSolution
		{805FAEA3-3701-4491-86F7-C10082D2A8DB}.Ad-Hoc|Any CPU.ActiveCfg = Release|Any CPU
		{805FAEA3-3701-4491-86F7-C10082D2A8DB}.Ad-Hoc|Any CPU.Build.0 = Release|Any CPU
		{805FAEA3-3701-4491-86F7-C10082D2A8DB}.Ad-Hoc|Any CPU.Deploy.0 = Release|Any CPU
		{805FAEA3-3701-4491-86F7-C10082D2A8DB}.Ad-Hoc|iPhone.ActiveCfg = Release|Any CPU
		{805FAEA3-3701-4491-86F7-C10082D2A8DB}.Ad-Hoc|iPhone.Build.0 = Release|Any CPU
		{805FAEA3-3701-4491-86F7-C10082D2A8DB}.Ad-Hoc|iPhone.Deploy.0 = Release|Any CPU
		{805FAEA3-3701-4491-86F7-C10082D2A8DB}.Ad-Hoc|iPhoneSimulator.ActiveCfg = Release|Any CPU
		{805FAEA3-3701-4491-86F7-C10082D2A8DB}.Ad-Hoc|iPhoneSimulator.Build.0 = Release|Any CPU
		{805FAEA3-3701-4491-86F7-C10082D2A8DB}.Ad-Hoc|iPhoneSimulator.Deploy.0 = Release|Any CPU
		{805FAEA3-3701-4491-86F7-C10082D2A8DB}.AppStore|Any CPU.ActiveCfg = Release|Any CPU
		{805FAEA3-3701-4491-86F7-C10082D2A8DB}.AppStore|Any CPU.Build.0 = Release|Any CPU
		{805FAEA3-3701-4491-86F7-C10082D2A8DB}.AppStore|Any CPU.Deploy.0 = Release|Any CPU
		{805FAEA3-3701-4491-86F7-C10082D2A8DB}.AppStore|iPhone.ActiveCfg = Release|Any CPU
		{805FAEA3-3701-4491-86F7-C10082D2A8DB}.AppStore|iPhone.Build.0 = Release|Any CPU
		{805FAEA3-3701-4491-86F7-C10082D2A8DB}.AppStore|iPhone.Deploy.0 = Release|Any CPU
		{805FAEA3-3701-4491-86F7-C10082D2A8DB}.AppStore|iPhoneSimulator.ActiveCfg = Release|Any CPU
		{805FAEA3-3701-4491-86F7-C10082D2A8DB}.AppStore|iPhoneSimulator.Build.0 = Release|Any CPU
		{805FAEA3-3701-4491-86F7-C10082D2A8DB}.AppStore|iPhoneSimulator.Deploy.0 = Release|Any CPU
		{805FAEA3-3701-4491-86F7-C10082D2A8DB}.Debug|Any CPU.ActiveCfg = Debug|Any CPU
		{805FAEA3-3701-4491-86F7-C10082D2A8DB}.Debug|Any CPU.Build.0 = Debug|Any CPU
		{805FAEA3-3701-4491-86F7-C10082D2A8DB}.Debug|Any CPU.Deploy.0 = Debug|Any CPU
		{805FAEA3-3701-4491-86F7-C10082D2A8DB}.Debug|iPhone.ActiveCfg = Debug|Any CPU
		{805FAEA3-3701-4491-86F7-C10082D2A8DB}.Debug|iPhone.Build.0 = Debug|Any CPU
		{805FAEA3-3701-4491-86F7-C10082D2A8DB}.Debug|iPhone.Deploy.0 = Debug|Any CPU
		{805FAEA3-3701-4491-86F7-C10082D2A8DB}.Debug|iPhoneSimulator.ActiveCfg = Debug|Any CPU
		{805FAEA3-3701-4491-86F7-C10082D2A8DB}.Debug|iPhoneSimulator.Build.0 = Debug|Any CPU
		{805FAEA3-3701-4491-86F7-C10082D2A8DB}.Debug|iPhoneSimulator.Deploy.0 = Debug|Any CPU
		{805FAEA3-3701-4491-86F7-C10082D2A8DB}.Release|Any CPU.ActiveCfg = Release|Any CPU
		{805FAEA3-3701-4491-86F7-C10082D2A8DB}.Release|Any CPU.Build.0 = Release|Any CPU
		{805FAEA3-3701-4491-86F7-C10082D2A8DB}.Release|Any CPU.Deploy.0 = Release|Any CPU
		{805FAEA3-3701-4491-86F7-C10082D2A8DB}.Release|iPhone.ActiveCfg = Release|Any CPU
		{805FAEA3-3701-4491-86F7-C10082D2A8DB}.Release|iPhone.Build.0 = Release|Any CPU
		{805FAEA3-3701-4491-86F7-C10082D2A8DB}.Release|iPhone.Deploy.0 = Release|Any CPU
		{805FAEA3-3701-4491-86F7-C10082D2A8DB}.Release|iPhoneSimulator.ActiveCfg = Release|Any CPU
		{805FAEA3-3701-4491-86F7-C10082D2A8DB}.Release|iPhoneSimulator.Build.0 = Release|Any CPU
		{805FAEA3-3701-4491-86F7-C10082D2A8DB}.Release|iPhoneSimulator.Deploy.0 = Release|Any CPU
		{98A7E177-3CDC-4872-8142-3FC58B332858}.Ad-Hoc|Any CPU.ActiveCfg = Ad-Hoc|iPhone
		{98A7E177-3CDC-4872-8142-3FC58B332858}.Ad-Hoc|iPhone.ActiveCfg = Ad-Hoc|iPhone
		{98A7E177-3CDC-4872-8142-3FC58B332858}.Ad-Hoc|iPhone.Build.0 = Ad-Hoc|iPhone
		{98A7E177-3CDC-4872-8142-3FC58B332858}.Ad-Hoc|iPhoneSimulator.ActiveCfg = Ad-Hoc|iPhoneSimulator
		{98A7E177-3CDC-4872-8142-3FC58B332858}.Ad-Hoc|iPhoneSimulator.Build.0 = Ad-Hoc|iPhoneSimulator
		{98A7E177-3CDC-4872-8142-3FC58B332858}.AppStore|Any CPU.ActiveCfg = AppStore|iPhone
		{98A7E177-3CDC-4872-8142-3FC58B332858}.AppStore|iPhone.ActiveCfg = AppStore|iPhone
		{98A7E177-3CDC-4872-8142-3FC58B332858}.AppStore|iPhone.Build.0 = AppStore|iPhone
		{98A7E177-3CDC-4872-8142-3FC58B332858}.AppStore|iPhoneSimulator.ActiveCfg = AppStore|iPhoneSimulator
		{98A7E177-3CDC-4872-8142-3FC58B332858}.AppStore|iPhoneSimulator.Build.0 = AppStore|iPhoneSimulator
		{98A7E177-3CDC-4872-8142-3FC58B332858}.Debug|Any CPU.ActiveCfg = Debug|iPhone
		{98A7E177-3CDC-4872-8142-3FC58B332858}.Debug|iPhone.ActiveCfg = Debug|iPhone
		{98A7E177-3CDC-4872-8142-3FC58B332858}.Debug|iPhone.Build.0 = Debug|iPhone
		{98A7E177-3CDC-4872-8142-3FC58B332858}.Debug|iPhoneSimulator.ActiveCfg = Debug|iPhoneSimulator
		{98A7E177-3CDC-4872-8142-3FC58B332858}.Debug|iPhoneSimulator.Build.0 = Debug|iPhoneSimulator
		{98A7E177-3CDC-4872-8142-3FC58B332858}.Release|Any CPU.ActiveCfg = Release|iPhone
		{98A7E177-3CDC-4872-8142-3FC58B332858}.Release|iPhone.ActiveCfg = Release|iPhone
		{98A7E177-3CDC-4872-8142-3FC58B332858}.Release|iPhone.Build.0 = Release|iPhone
		{98A7E177-3CDC-4872-8142-3FC58B332858}.Release|iPhoneSimulator.ActiveCfg = Release|iPhoneSimulator
		{98A7E177-3CDC-4872-8142-3FC58B332858}.Release|iPhoneSimulator.Build.0 = Release|iPhoneSimulator
	EndGlobalSection
	GlobalSection(SolutionProperties) = preSolution
		HideSolutionNode = FALSE
	EndGlobalSection
EndGlobal
