
Microsoft Visual Studio Solution File, Format Version 12.00
# Visual Studio 15
VisualStudioVersion = 15.0.26430.16
MinimumVisualStudioVersion = 10.0.40219.1
Project("{D954291E-2A0B-460D-934E-DC6B0785DB48}") = "AulaXamarim", "AulaXamarim\AulaXamarim\AulaXamarim.shproj", "{857833D4-332C-4CBF-B5FB-EB4E49ADDA49}"
EndProject
Project("{FAE04EC0-301F-11D3-BF4B-00C04F79EFBC}") = "AulaXamarim.Android", "AulaXamarim\AulaXamarim.Android\AulaXamarim.Android.csproj", "{F80C64D6-D795-442E-B00A-2E16B90DFD1A}"
EndProject
Project("{FAE04EC0-301F-11D3-BF4B-00C04F79EFBC}") = "AulaXamarim.iOS", "AulaXamarim\AulaXamarim.iOS\AulaXamarim.iOS.csproj", "{D386E61B-649B-43C8-89A7-9875AF1B5F86}"
EndProject
Global
	GlobalSection(SharedMSBuildProjectFiles) = preSolution
		AulaXamarim\AulaXamarim\AulaXamarim.projitems*{857833d4-332c-4cbf-b5fb-eb4e49adda49}*SharedItemsImports = 13
		AulaXamarim\AulaXamarim\AulaXamarim.projitems*{d386e61b-649b-43c8-89a7-9875af1b5f86}*SharedItemsImports = 4
		AulaXamarim\AulaXamarim\AulaXamarim.projitems*{f80c64d6-d795-442e-b00a-2e16b90dfd1a}*SharedItemsImports = 4
	EndGlobalSection
	GlobalSection(SolutionConfigurationPlatforms) = preSolution
		Ad-Hoc|Any CPU = Ad-Hoc|Any CPU
		Ad-Hoc|iPhone = Ad-Hoc|iPhone
		Ad-Hoc|iPhoneSimulator = Ad-Hoc|iPhoneSimulator
		AppStore|Any CPU = AppStore|Any CPU
		AppStore|iPhone = AppStore|iPhone
		AppStore|iPhoneSimulator = AppStore|iPhoneSimulator
		Debug|Any CPU = Debug|Any CPU
		Debug|iPhone = Debug|iPhone
		Debug|iPhoneSimulator = Debug|iPhoneSimulator
		Release|Any CPU = Release|Any CPU
		Release|iPhone = Release|iPhone
		Release|iPhoneSimulator = Release|iPhoneSimulator
	EndGlobalSection
	GlobalSection(ProjectConfigurationPlatforms) = postSolution
		{F80C64D6-D795-442E-B00A-2E16B90DFD1A}.Ad-Hoc|Any CPU.ActiveCfg = Release|Any CPU
		{F80C64D6-D795-442E-B00A-2E16B90DFD1A}.Ad-Hoc|Any CPU.Build.0 = Release|Any CPU
		{F80C64D6-D795-442E-B00A-2E16B90DFD1A}.Ad-Hoc|Any CPU.Deploy.0 = Release|Any CPU
		{F80C64D6-D795-442E-B00A-2E16B90DFD1A}.Ad-Hoc|iPhone.ActiveCfg = Release|Any CPU
		{F80C64D6-D795-442E-B00A-2E16B90DFD1A}.Ad-Hoc|iPhone.Build.0 = Release|Any CPU
		{F80C64D6-D795-442E-B00A-2E16B90DFD1A}.Ad-Hoc|iPhone.Deploy.0 = Release|Any CPU
		{F80C64D6-D795-442E-B00A-2E16B90DFD1A}.Ad-Hoc|iPhoneSimulator.ActiveCfg = Release|Any CPU
		{F80C64D6-D795-442E-B00A-2E16B90DFD1A}.Ad-Hoc|iPhoneSimulator.Build.0 = Release|Any CPU
		{F80C64D6-D795-442E-B00A-2E16B90DFD1A}.Ad-Hoc|iPhoneSimulator.Deploy.0 = Release|Any CPU
		{F80C64D6-D795-442E-B00A-2E16B90DFD1A}.AppStore|Any CPU.ActiveCfg = Release|Any CPU
		{F80C64D6-D795-442E-B00A-2E16B90DFD1A}.AppStore|Any CPU.Build.0 = Release|Any CPU
		{F80C64D6-D795-442E-B00A-2E16B90DFD1A}.AppStore|Any CPU.Deploy.0 = Release|Any CPU
		{F80C64D6-D795-442E-B00A-2E16B90DFD1A}.AppStore|iPhone.ActiveCfg = Release|Any CPU
		{F80C64D6-D795-442E-B00A-2E16B90DFD1A}.AppStore|iPhone.Build.0 = Release|Any CPU
		{F80C64D6-D795-442E-B00A-2E16B90DFD1A}.AppStore|iPhone.Deploy.0 = Release|Any CPU
		{F80C64D6-D795-442E-B00A-2E16B90DFD1A}.AppStore|iPhoneSimulator.ActiveCfg = Release|Any CPU
		{F80C64D6-D795-442E-B00A-2E16B90DFD1A}.AppStore|iPhoneSimulator.Build.0 = Release|Any CPU
		{F80C64D6-D795-442E-B00A-2E16B90DFD1A}.AppStore|iPhoneSimulator.Deploy.0 = Release|Any CPU
		{F80C64D6-D795-442E-B00A-2E16B90DFD1A}.Debug|Any CPU.ActiveCfg = Debug|Any CPU
		{F80C64D6-D795-442E-B00A-2E16B90DFD1A}.Debug|Any CPU.Build.0 = Debug|Any CPU
		{F80C64D6-D795-442E-B00A-2E16B90DFD1A}.Debug|Any CPU.Deploy.0 = Debug|Any CPU
		{F80C64D6-D795-442E-B00A-2E16B90DFD1A}.Debug|iPhone.ActiveCfg = Debug|Any CPU
		{F80C64D6-D795-442E-B00A-2E16B90DFD1A}.Debug|iPhone.Build.0 = Debug|Any CPU
		{F80C64D6-D795-442E-B00A-2E16B90DFD1A}.Debug|iPhone.Deploy.0 = Debug|Any CPU
		{F80C64D6-D795-442E-B00A-2E16B90DFD1A}.Debug|iPhoneSimulator.ActiveCfg = Debug|Any CPU
		{F80C64D6-D795-442E-B00A-2E16B90DFD1A}.Debug|iPhoneSimulator.Build.0 = Debug|Any CPU
		{F80C64D6-D795-442E-B00A-2E16B90DFD1A}.Debug|iPhoneSimulator.Deploy.0 = Debug|Any CPU
		{F80C64D6-D795-442E-B00A-2E16B90DFD1A}.Release|Any CPU.ActiveCfg = Release|Any CPU
		{F80C64D6-D795-442E-B00A-2E16B90DFD1A}.Release|Any CPU.Build.0 = Release|Any CPU
		{F80C64D6-D795-442E-B00A-2E16B90DFD1A}.Release|Any CPU.Deploy.0 = Release|Any CPU
		{F80C64D6-D795-442E-B00A-2E16B90DFD1A}.Release|iPhone.ActiveCfg = Release|Any CPU
		{F80C64D6-D795-442E-B00A-2E16B90DFD1A}.Release|iPhone.Build.0 = Release|Any CPU
		{F80C64D6-D795-442E-B00A-2E16B90DFD1A}.Release|iPhone.Deploy.0 = Release|Any CPU
		{F80C64D6-D795-442E-B00A-2E16B90DFD1A}.Release|iPhoneSimulator.ActiveCfg = Release|Any CPU
		{F80C64D6-D795-442E-B00A-2E16B90DFD1A}.Release|iPhoneSimulator.Build.0 = Release|Any CPU
		{F80C64D6-D795-442E-B00A-2E16B90DFD1A}.Release|iPhoneSimulator.Deploy.0 = Release|Any CPU
		{D386E61B-649B-43C8-89A7-9875AF1B5F86}.Ad-Hoc|Any CPU.ActiveCfg = Ad-Hoc|iPhone
		{D386E61B-649B-43C8-89A7-9875AF1B5F86}.Ad-Hoc|iPhone.ActiveCfg = Ad-Hoc|iPhone
		{D386E61B-649B-43C8-89A7-9875AF1B5F86}.Ad-Hoc|iPhone.Build.0 = Ad-Hoc|iPhone
		{D386E61B-649B-43C8-89A7-9875AF1B5F86}.Ad-Hoc|iPhoneSimulator.ActiveCfg = Ad-Hoc|iPhoneSimulator
		{D386E61B-649B-43C8-89A7-9875AF1B5F86}.Ad-Hoc|iPhoneSimulator.Build.0 = Ad-Hoc|iPhoneSimulator
		{D386E61B-649B-43C8-89A7-9875AF1B5F86}.AppStore|Any CPU.ActiveCfg = AppStore|iPhone
		{D386E61B-649B-43C8-89A7-9875AF1B5F86}.AppStore|iPhone.ActiveCfg = AppStore|iPhone
		{D386E61B-649B-43C8-89A7-9875AF1B5F86}.AppStore|iPhone.Build.0 = AppStore|iPhone
		{D386E61B-649B-43C8-89A7-9875AF1B5F86}.AppStore|iPhoneSimulator.ActiveCfg = AppStore|iPhoneSimulator
		{D386E61B-649B-43C8-89A7-9875AF1B5F86}.AppStore|iPhoneSimulator.Build.0 = AppStore|iPhoneSimulator
		{D386E61B-649B-43C8-89A7-9875AF1B5F86}.Debug|Any CPU.ActiveCfg = Debug|iPhone
		{D386E61B-649B-43C8-89A7-9875AF1B5F86}.Debug|iPhone.ActiveCfg = Debug|iPhone
		{D386E61B-649B-43C8-89A7-9875AF1B5F86}.Debug|iPhone.Build.0 = Debug|iPhone
		{D386E61B-649B-43C8-89A7-9875AF1B5F86}.Debug|iPhoneSimulator.ActiveCfg = Debug|iPhoneSimulator
		{D386E61B-649B-43C8-89A7-9875AF1B5F86}.Debug|iPhoneSimulator.Build.0 = Debug|iPhoneSimulator
		{D386E61B-649B-43C8-89A7-9875AF1B5F86}.Release|Any CPU.ActiveCfg = Release|iPhone
		{D386E61B-649B-43C8-89A7-9875AF1B5F86}.Release|iPhone.ActiveCfg = Release|iPhone
		{D386E61B-649B-43C8-89A7-9875AF1B5F86}.Release|iPhone.Build.0 = Release|iPhone
		{D386E61B-649B-43C8-89A7-9875AF1B5F86}.Release|iPhoneSimulator.ActiveCfg = Release|iPhoneSimulator
		{D386E61B-649B-43C8-89A7-9875AF1B5F86}.Release|iPhoneSimulator.Build.0 = Release|iPhoneSimulator
	EndGlobalSection
	GlobalSection(SolutionProperties) = preSolution
		HideSolutionNode = FALSE
	EndGlobalSection
EndGlobal
